
Microsoft Visual Studio Solution File, Format Version 12.00
# Visual Studio Version 17
VisualStudioVersion = 17.8.34330.188
MinimumVisualStudioVersion = 10.0.40219.1
Project("{9A19103F-16F7-4668-BE54-9A1E7A4F7556}") = "CompanyMvc", "CompanyMvc\CompanyMvc.csproj", "{8B104857-15C9-40AE-AEEB-FAAED6C3BB88}"
EndProject
Project("{FAE04EC0-301F-11D3-BF4B-00C04F79EFBC}") = "Company.BLL", "Company.BLL\Company.BLL.csproj", "{A95B40FA-F510-4BA3-8267-B39FD351A705}"
EndProject
Project("{FAE04EC0-301F-11D3-BF4B-00C04F79EFBC}") = "Company.DAL", "Company.DAL\Company.DAL.csproj", "{B0EDC708-CEA3-4E21-AF8C-0341D3E09843}"
EndProject
Global
	GlobalSection(SolutionConfigurationPlatforms) = preSolution
		Debug|Any CPU = Debug|Any CPU
		Release|Any CPU = Release|Any CPU
	EndGlobalSection
	GlobalSection(ProjectConfigurationPlatforms) = postSolution
		{8B104857-15C9-40AE-AEEB-FAAED6C3BB88}.Debug|Any CPU.ActiveCfg = Debug|Any CPU
		{8B104857-15C9-40AE-AEEB-FAAED6C3BB88}.Debug|Any CPU.Build.0 = Debug|Any CPU
		{8B104857-15C9-40AE-AEEB-FAAED6C3BB88}.Release|Any CPU.ActiveCfg = Release|Any CPU
		{8B104857-15C9-40AE-AEEB-FAAED6C3BB88}.Release|Any CPU.Build.0 = Release|Any CPU
		{A95B40FA-F510-4BA3-8267-B39FD351A705}.Debug|Any CPU.ActiveCfg = Debug|Any CPU
		{A95B40FA-F510-4BA3-8267-B39FD351A705}.Debug|Any CPU.Build.0 = Debug|Any CPU
		{A95B40FA-F510-4BA3-8267-B39FD351A705}.Release|Any CPU.ActiveCfg = Release|Any CPU
		{A95B40FA-F510-4BA3-8267-B39FD351A705}.Release|Any CPU.Build.0 = Release|Any CPU
		{B0EDC708-CEA3-4E21-AF8C-0341D3E09843}.Debug|Any CPU.ActiveCfg = Debug|Any CPU
		{B0EDC708-CEA3-4E21-AF8C-0341D3E09843}.Debug|Any CPU.Build.0 = Debug|Any CPU
		{B0EDC708-CEA3-4E21-AF8C-0341D3E09843}.Release|Any CPU.ActiveCfg = Release|Any CPU
		{B0EDC708-CEA3-4E21-AF8C-0341D3E09843}.Release|Any CPU.Build.0 = Release|Any CPU
	EndGlobalSection
	GlobalSection(SolutionProperties) = preSolution
		HideSolutionNode = FALSE
	EndGlobalSection
	GlobalSection(ExtensibilityGlobals) = postSolution
		SolutionGuid = {32C40D06-494E-4352-9FE1-C7AD894E4DBC}
	EndGlobalSection
EndGlobal
